
Microsoft Visual Studio Solution File, Format Version 12.00
# Visual Studio Version 17
VisualStudioVersion = 17.8.34322.80
MinimumVisualStudioVersion = 10.0.40219.1
Project("{9A19103F-16F7-4668-BE54-9A1E7A4F7556}") = "Standups", "Standups\Standups.csproj", "{EA99E093-F10F-41F3-8F37-D083D6754199}"
EndProject
Project("{9A19103F-16F7-4668-BE54-9A1E7A4F7556}") = "Standups_Tests", "Standups_Tests\Standups_Tests.csproj", "{053298A0-5B28-4EB6-8D73-864E5F8F486F}"
EndProject
Project("{FAE04EC0-301F-11D3-BF4B-00C04F79EFBC}") = "Standups_BDD_Tests", "Standups_BDD_Tests\Standups_BDD_Tests.csproj", "{F7D260F5-F026-4786-8D90-B0967188C8CD}"
EndProject
Global
	GlobalSection(SolutionConfigurationPlatforms) = preSolution
		Debug|Any CPU = Debug|Any CPU
		Release|Any CPU = Release|Any CPU
	EndGlobalSection
	GlobalSection(ProjectConfigurationPlatforms) = postSolution
		{EA99E093-F10F-41F3-8F37-D083D6754199}.Debug|Any CPU.ActiveCfg = Debug|Any CPU
		{EA99E093-F10F-41F3-8F37-D083D6754199}.Debug|Any CPU.Build.0 = Debug|Any CPU
		{EA99E093-F10F-41F3-8F37-D083D6754199}.Release|Any CPU.ActiveCfg = Release|Any CPU
		{EA99E093-F10F-41F3-8F37-D083D6754199}.Release|Any CPU.Build.0 = Release|Any CPU
		{053298A0-5B28-4EB6-8D73-864E5F8F486F}.Debug|Any CPU.ActiveCfg = Debug|Any CPU
		{053298A0-5B28-4EB6-8D73-864E5F8F486F}.Debug|Any CPU.Build.0 = Debug|Any CPU
		{053298A0-5B28-4EB6-8D73-864E5F8F486F}.Release|Any CPU.ActiveCfg = Release|Any CPU
		{053298A0-5B28-4EB6-8D73-864E5F8F486F}.Release|Any CPU.Build.0 = Release|Any CPU
		{F7D260F5-F026-4786-8D90-B0967188C8CD}.Debug|Any CPU.ActiveCfg = Debug|Any CPU
		{F7D260F5-F026-4786-8D90-B0967188C8CD}.Debug|Any CPU.Build.0 = Debug|Any CPU
		{F7D260F5-F026-4786-8D90-B0967188C8CD}.Release|Any CPU.ActiveCfg = Release|Any CPU
		{F7D260F5-F026-4786-8D90-B0967188C8CD}.Release|Any CPU.Build.0 = Release|Any CPU
	EndGlobalSection
	GlobalSection(SolutionProperties) = preSolution
		HideSolutionNode = FALSE
	EndGlobalSection
	GlobalSection(ExtensibilityGlobals) = postSolution
		SolutionGuid = {85E81C68-12DA-4ACF-B97A-C52F1E6FAEB6}
	EndGlobalSection
EndGlobal
